// !$*UTF8*$!
{
	archiveVersion = 1;
	classes = {
	};
	objectVersion = 48;
	objects = {

/* Begin PBXBuildFile section */
		631F99E7179C80B3B0E962E1 /* libPods-BitKeys.a in Frameworks */ = {isa = PBXBuildFile; fileRef = 6B7ACBBE3624198C10931574 /* libPods-BitKeys.a */; };
		D003821820B24D4400BC310D /* SettingsViewController.swift in Sources */ = {isa = PBXBuildFile; fileRef = D003821720B24D4400BC310D /* SettingsViewController.swift */; };
		D00B614E208FD46A00CE73A8 /* Signer.framework in Frameworks */ = {isa = PBXBuildFile; fileRef = D00B614D208FD46A00CE73A8 /* Signer.framework */; };
		D00FF6A12083DA1000660D3C /* one.png in Resources */ = {isa = PBXBuildFile; fileRef = D00FF69B2083DA0F00660D3C /* one.png */; };
		D00FF6A22083DA1000660D3C /* two.png in Resources */ = {isa = PBXBuildFile; fileRef = D00FF69C2083DA0F00660D3C /* two.png */; };
		D00FF6A32083DA1000660D3C /* five.png in Resources */ = {isa = PBXBuildFile; fileRef = D00FF69D2083DA0F00660D3C /* five.png */; };
		D00FF6A42083DA1000660D3C /* four.png in Resources */ = {isa = PBXBuildFile; fileRef = D00FF69E2083DA0F00660D3C /* four.png */; };
		D00FF6A52083DA1000660D3C /* three.png in Resources */ = {isa = PBXBuildFile; fileRef = D00FF69F2083DA1000660D3C /* three.png */; };
		D00FF6A62083DA1000660D3C /* six.png in Resources */ = {isa = PBXBuildFile; fileRef = D00FF6A02083DA1000660D3C /* six.png */; };
		D00FF6A82083DAC900660D3C /* images-6.png in Resources */ = {isa = PBXBuildFile; fileRef = D00FF6A72083DAC900660D3C /* images-6.png */; };
		D01116B520EA534D00B01E31 /* edit.jpg in Resources */ = {isa = PBXBuildFile; fileRef = D01116B420EA534D00B01E31 /* edit.jpg */; };
		D01116B720EA56EE00B01E31 /* pay.png in Resources */ = {isa = PBXBuildFile; fileRef = D01116B620EA56EE00B01E31 /* pay.png */; };
		D01116B920EA587800B01E31 /* invoice.png in Resources */ = {isa = PBXBuildFile; fileRef = D01116B820EA587800B01E31 /* invoice.png */; };
		D01116BB20EAAF3100B01E31 /* bill.png in Resources */ = {isa = PBXBuildFile; fileRef = D01116BA20EAAF3000B01E31 /* bill.png */; };
		D0207CA92102425A007A5346 /* greenFingerPrint.png in Resources */ = {isa = PBXBuildFile; fileRef = D0207CA82102425A007A5346 /* greenFingerPrint.png */; };
		D027521820D1AF2D0025EC0E /* qr.png in Resources */ = {isa = PBXBuildFile; fileRef = D027521720D1AF2D0025EC0E /* qr.png */; };
		D027521A20D1C3230025EC0E /* addressBook.png in Resources */ = {isa = PBXBuildFile; fileRef = D027521920D1C3220025EC0E /* addressBook.png */; };
		D027522020D292B10025EC0E /* AddressBookViewController.swift in Sources */ = {isa = PBXBuildFile; fileRef = D027521F20D292B10025EC0E /* AddressBookViewController.swift */; };
		D027522220D2979E0025EC0E /* add.png in Resources */ = {isa = PBXBuildFile; fileRef = D027522120D2979E0025EC0E /* add.png */; };
		D0286D5F21E261C700954991 /* ReadMe.md in Resources */ = {isa = PBXBuildFile; fileRef = D0286D5E21E261C700954991 /* ReadMe.md */; };
		D040853520F4F8B000C2DA2B /* unlocked.png in Resources */ = {isa = PBXBuildFile; fileRef = D040853420F4F8AF00C2DA2B /* unlocked.png */; };
		D04213E421039C48003B03DA /* ImportViewController.swift in Sources */ = {isa = PBXBuildFile; fileRef = D04213E321039C48003B03DA /* ImportViewController.swift */; };
		D04213E62103C720003B03DA /* CreateInvoiceViewController.swift in Sources */ = {isa = PBXBuildFile; fileRef = D04213E52103C720003B03DA /* CreateInvoiceViewController.swift */; };
		D04213E82103D7CD003B03DA /* blackPayMe.png in Resources */ = {isa = PBXBuildFile; fileRef = D04213E72103D7CD003B03DA /* blackPayMe.png */; };
		D046FD9020F15DDE00D002AB /* save.png in Resources */ = {isa = PBXBuildFile; fileRef = D046FD8F20F15DDE00D002AB /* save.png */; };
		D049F13220FA7BBA0073B807 /* broom.png in Resources */ = {isa = PBXBuildFile; fileRef = D049F13120FA7BBA0073B807 /* broom.png */; };
		D049F13420FA95BA0073B807 /* whiteCheck.png in Resources */ = {isa = PBXBuildFile; fileRef = D049F13320FA95BA0073B807 /* whiteCheck.png */; };
		D049F13620FA9F680073B807 /* plus.png in Resources */ = {isa = PBXBuildFile; fileRef = D049F13520FA9F670073B807 /* plus.png */; };
		D049F13820FB73DF0073B807 /* blackDice.png in Resources */ = {isa = PBXBuildFile; fileRef = D049F13720FB73DF0073B807 /* blackDice.png */; };
		D049F13E20FB786B0073B807 /* dice1.png in Resources */ = {isa = PBXBuildFile; fileRef = D049F13920FB786A0073B807 /* dice1.png */; };
		D049F13F20FB786B0073B807 /* dice2.png in Resources */ = {isa = PBXBuildFile; fileRef = D049F13A20FB786A0073B807 /* dice2.png */; };
		D049F14020FB786B0073B807 /* dice3.png in Resources */ = {isa = PBXBuildFile; fileRef = D049F13B20FB786A0073B807 /* dice3.png */; };
		D049F14120FB786B0073B807 /* dice4.png in Resources */ = {isa = PBXBuildFile; fileRef = D049F13C20FB786A0073B807 /* dice4.png */; };
		D049F14220FB786B0073B807 /* dice5.png in Resources */ = {isa = PBXBuildFile; fileRef = D049F13D20FB786B0073B807 /* dice5.png */; };
		D049F14420FB7C710073B807 /* dice6.png in Resources */ = {isa = PBXBuildFile; fileRef = D049F14320FB7C710073B807 /* dice6.png */; };
		D04A203320E7BDB1009038EE /* CustomPhotoAlbum.swift in Sources */ = {isa = PBXBuildFile; fileRef = D04A203220E7BDB1009038EE /* CustomPhotoAlbum.swift */; };
		D04BAB2620CB1B3E00501B6D /* SpendMultiSigViewController.swift in Sources */ = {isa = PBXBuildFile; fileRef = D04BAB2520CB1B3E00501B6D /* SpendMultiSigViewController.swift */; };
		D04BAB2C20CC2F6B00501B6D /* InfoViewController.swift in Sources */ = {isa = PBXBuildFile; fileRef = D04BAB2B20CC2F6B00501B6D /* InfoViewController.swift */; };
		D04BAB3420CC79CF00501B6D /* img_311477.png in Resources */ = {isa = PBXBuildFile; fileRef = D04BAB3320CC79CF00501B6D /* img_311477.png */; };
		D04EC45B20F670CD00200DB8 /* Bitsense image2.png in Resources */ = {isa = PBXBuildFile; fileRef = D04EC45A20F670CD00200DB8 /* Bitsense image2.png */; };
		D04F692620F825D200A84E7C /* CreateMultiSigViewController.swift in Sources */ = {isa = PBXBuildFile; fileRef = D04F692520F825D200A84E7C /* CreateMultiSigViewController.swift */; };
		D05007B220FCF6C400DC2A71 /* whiteInfinity.png in Resources */ = {isa = PBXBuildFile; fileRef = D05007B120FCF6C400DC2A71 /* whiteInfinity.png */; };
		D05007B420FCF70400DC2A71 /* whiteHistory.png in Resources */ = {isa = PBXBuildFile; fileRef = D05007B320FCF70300DC2A71 /* whiteHistory.png */; };
		D05007B620FCF78200DC2A71 /* whitePay.png in Resources */ = {isa = PBXBuildFile; fileRef = D05007B520FCF78200DC2A71 /* whitePay.png */; };
		D05007B820FCF7F300DC2A71 /* whiteInvoice.png in Resources */ = {isa = PBXBuildFile; fileRef = D05007B720FCF7F200DC2A71 /* whiteInvoice.png */; };
		D05007BA20FCFB1900DC2A71 /* whiteSave.png in Resources */ = {isa = PBXBuildFile; fileRef = D05007B920FCFB1800DC2A71 /* whiteSave.png */; };
		D05007BC20FD2F8A00DC2A71 /* saveMultiSig.swift in Sources */ = {isa = PBXBuildFile; fileRef = D05007BB20FD2F8A00DC2A71 /* saveMultiSig.swift */; };
		D055011D2094FE79001C35F0 /* BitKeysTests.swift in Sources */ = {isa = PBXBuildFile; fileRef = D055011C2094FE79001C35F0 /* BitKeysTests.swift */; };
		D055012720950E9F001C35F0 /* SegwitAddrCoder.swift in Sources */ = {isa = PBXBuildFile; fileRef = D055012620950E9F001C35F0 /* SegwitAddrCoder.swift */; };
		D055012B2095134C001C35F0 /* Bech32.swift in Sources */ = {isa = PBXBuildFile; fileRef = D055012A2095134C001C35F0 /* Bech32.swift */; };
		D057B24420D9D570006661DC /* TransactionHistoryViewController.swift in Sources */ = {isa = PBXBuildFile; fileRef = D057B24320D9D570006661DC /* TransactionHistoryViewController.swift */; };
		D05D158420DEE929001B209D /* AES256CBC.framework in Frameworks */ = {isa = PBXBuildFile; fileRef = D05D158320DEE929001B209D /* AES256CBC.framework */; };
		D05E52DC20F79B5900F36D63 /* Add Pin - Trip key.png in Resources */ = {isa = PBXBuildFile; fileRef = D05E52DB20F79B5900F36D63 /* Add Pin - Trip key.png */; };
		D05E52DF20F7A25100F36D63 /* whiteLock.png in Resources */ = {isa = PBXBuildFile; fileRef = D05E52DD20F7A25100F36D63 /* whiteLock.png */; };
		D05E52E020F7A25100F36D63 /* whiteUnlocked.png in Resources */ = {isa = PBXBuildFile; fileRef = D05E52DE20F7A25100F36D63 /* whiteUnlocked.png */; };
		D05E52E220F7A3A000F36D63 /* whiteKey.png in Resources */ = {isa = PBXBuildFile; fileRef = D05E52E120F7A39F00F36D63 /* whiteKey.png */; };
		D05E52E420F7A68200F36D63 /* whiteQR.png in Resources */ = {isa = PBXBuildFile; fileRef = D05E52E320F7A68100F36D63 /* whiteQR.png */; };
		D05E52E620F7CA5200F36D63 /* diceCreator.swift in Sources */ = {isa = PBXBuildFile; fileRef = D05E52E520F7CA5200F36D63 /* diceCreator.swift */; };
		D06031A520E018F000609997 /* Bitsense image.png in Resources */ = {isa = PBXBuildFile; fileRef = D06031A420E018F000609997 /* Bitsense image.png */; };
		D07CCD1320F10B46001F0191 /* branch.png in Resources */ = {isa = PBXBuildFile; fileRef = D07CCD1220F10B45001F0191 /* branch.png */; };
		D07CCD1520F10DF3001F0191 /* children.png in Resources */ = {isa = PBXBuildFile; fileRef = D07CCD1420F10DF3001F0191 /* children.png */; };
		D07CCD1720F1130A001F0191 /* HDChildViewController.swift in Sources */ = {isa = PBXBuildFile; fileRef = D07CCD1620F1130A001F0191 /* HDChildViewController.swift */; };
		D089BFA5207EBDEF0086243B /* SipHash.framework in Frameworks */ = {isa = PBXBuildFile; fileRef = D089BFA3207EBDEF0086243B /* SipHash.framework */; };
		D089BFA6207EBDEF0086243B /* BigInt.framework in Frameworks */ = {isa = PBXBuildFile; fileRef = D089BFA4207EBDEF0086243B /* BigInt.framework */; };
		D08F7EFE20E5BEFF00505AE8 /* LocalAuthentication.framework in Frameworks */ = {isa = PBXBuildFile; fileRef = D08F7EFD20E5BECB00505AE8 /* LocalAuthentication.framework */; };
		D08FA4AE20D4853500BADC3B /* walletSaver.swift in Sources */ = {isa = PBXBuildFile; fileRef = D08FA4AD20D4853500BADC3B /* walletSaver.swift */; };
		D08FA4B220D4940C00BADC3B /* keyCreatorFromEntropy.swift in Sources */ = {isa = PBXBuildFile; fileRef = D08FA4B120D4940C00BADC3B /* keyCreatorFromEntropy.swift */; };
		D08FA4B420D49A3D00BADC3B /* Utilities.swift in Sources */ = {isa = PBXBuildFile; fileRef = D08FA4B320D49A3D00BADC3B /* Utilities.swift */; };
		D09603E020FF62CC00A7D1EE /* whiteFingerPrint.png in Resources */ = {isa = PBXBuildFile; fileRef = D09603DF20FF62CC00A7D1EE /* whiteFingerPrint.png */; };
		D09603E220FFDA1C00A7D1EE /* BuildTransactionViewController.swift in Sources */ = {isa = PBXBuildFile; fileRef = D09603E120FFDA1C00A7D1EE /* BuildTransactionViewController.swift */; };
		D098731D20D01C3D007B8930 /* lock.jpg in Resources */ = {isa = PBXBuildFile; fileRef = D098731C20D01C3D007B8930 /* lock.jpg */; };
		D098731F20D021BE007B8930 /* price.png in Resources */ = {isa = PBXBuildFile; fileRef = D098731E20D021BE007B8930 /* price.png */; };
		D098732120D02A6B007B8930 /* keys.png in Resources */ = {isa = PBXBuildFile; fileRef = D098732020D02A6B007B8930 /* keys.png */; };
		D09A24E520E5258F00DAFDC8 /* TransactionSettingsViewController.swift in Sources */ = {isa = PBXBuildFile; fileRef = D09A24E420E5258E00DAFDC8 /* TransactionSettingsViewController.swift */; };
		D0A7342E20E93CC500DB36DD /* RawTransactionViewController.swift in Sources */ = {isa = PBXBuildFile; fileRef = D0A7342D20E93CC500DB36DD /* RawTransactionViewController.swift */; };
		D0A7343020E95C1C00DB36DD /* sweep.jpeg in Resources */ = {isa = PBXBuildFile; fileRef = D0A7342F20E95C1C00DB36DD /* sweep.jpeg */; };
		D0A7343420E977A700DB36DD /* binaryImage.jpg in Resources */ = {isa = PBXBuildFile; fileRef = D0A7343320E977A700DB36DD /* binaryImage.jpg */; };
		D0AF8D1F20FEBBC6003D2596 /* LogInViewController.swift in Sources */ = {isa = PBXBuildFile; fileRef = D0AF8D1E20FEBBC6003D2596 /* LogInViewController.swift */; };
		D0B13A6821025087001EFCB0 /* blackPay.png in Resources */ = {isa = PBXBuildFile; fileRef = D0B13A6721025087001EFCB0 /* blackPay.png */; };
		D0B597852013E96E000767A7 /* ViewControllerBalanceChecker.swift in Sources */ = {isa = PBXBuildFile; fileRef = D0B597842013E96E000767A7 /* ViewControllerBalanceChecker.swift */; };
		D0B6B53C20EFA0A000A1FA43 /* success.png in Resources */ = {isa = PBXBuildFile; fileRef = D0B6B53B20EFA0A000A1FA43 /* success.png */; };
		D0B6B53E20EFA9F900A1FA43 /* background.jpg in Resources */ = {isa = PBXBuildFile; fileRef = D0B6B53D20EFA9F900A1FA43 /* background.jpg */; };
		D0C1788320DC7DC400F3D6E1 /* history.png in Resources */ = {isa = PBXBuildFile; fileRef = D0C1788220DC7DC400F3D6E1 /* history.png */; };
		D0C47DE220CD48A50076CA3B /* tool2.png in Resources */ = {isa = PBXBuildFile; fileRef = D0C47DE120CD48A50076CA3B /* tool2.png */; };
		D0C47DE420CD4BAA0076CA3B /* settings2.png in Resources */ = {isa = PBXBuildFile; fileRef = D0C47DE320CD4BAA0076CA3B /* settings2.png */; };
		D0C47DE620CD4C3B0076CA3B /* help2.png in Resources */ = {isa = PBXBuildFile; fileRef = D0C47DE520CD4C3A0076CA3B /* help2.png */; };
		D0C47DE820CD7D370076CA3B /* backUp.jpg in Resources */ = {isa = PBXBuildFile; fileRef = D0C47DE720CD7D370076CA3B /* backUp.jpg */; };
		D0C47DEA20CD7E750076CA3B /* switch.jpg in Resources */ = {isa = PBXBuildFile; fileRef = D0C47DE920CD7E750076CA3B /* switch.jpg */; };
		D0C47DEC20CD80A10076CA3B /* clear.png in Resources */ = {isa = PBXBuildFile; fileRef = D0C47DEB20CD80A10076CA3B /* clear.png */; };
		D0C47DEE20CD81E00076CA3B /* back2.png in Resources */ = {isa = PBXBuildFile; fileRef = D0C47DED20CD81E00076CA3B /* back2.png */; };
		D0C56F591FCBFBC4004A5F47 /* AppDelegate.swift in Sources */ = {isa = PBXBuildFile; fileRef = D0C56F581FCBFBC4004A5F47 /* AppDelegate.swift */; };
		D0C56F5B1FCBFBC4004A5F47 /* ViewController.swift in Sources */ = {isa = PBXBuildFile; fileRef = D0C56F5A1FCBFBC4004A5F47 /* ViewController.swift */; };
		D0C56F5E1FCBFBC4004A5F47 /* Main.storyboard in Resources */ = {isa = PBXBuildFile; fileRef = D0C56F5C1FCBFBC4004A5F47 /* Main.storyboard */; };
		D0C56F611FCBFBC4004A5F47 /* BitKeys.xcdatamodeld in Sources */ = {isa = PBXBuildFile; fileRef = D0C56F5F1FCBFBC4004A5F47 /* BitKeys.xcdatamodeld */; };
		D0C56F631FCBFBC4004A5F47 /* Assets.xcassets in Resources */ = {isa = PBXBuildFile; fileRef = D0C56F621FCBFBC4004A5F47 /* Assets.xcassets */; };
		D0C56F661FCBFBC4004A5F47 /* LaunchScreen.storyboard in Resources */ = {isa = PBXBuildFile; fileRef = D0C56F641FCBFBC4004A5F47 /* LaunchScreen.storyboard */; };
		D0D1A42320E658AD00B6399F /* SecuritySettingsViewController.swift in Sources */ = {isa = PBXBuildFile; fileRef = D0D1A42220E658AD00B6399F /* SecuritySettingsViewController.swift */; };
		D0D1A42520E66C9200B6399F /* SwiftKeychainWrapper.framework in Frameworks */ = {isa = PBXBuildFile; fileRef = D0D1A42420E66C9200B6399F /* SwiftKeychainWrapper.framework */; };
		D0E8115C20615E23000DBBE8 /* MayerMultipleViewController.swift in Sources */ = {isa = PBXBuildFile; fileRef = D0E8115B20615E23000DBBE8 /* MayerMultipleViewController.swift */; };
		D0EF966B1FCC07FB004A8E4E /* ObjectiveCHeader.m in Sources */ = {isa = PBXBuildFile; fileRef = D0EF966A1FCC07FB004A8E4E /* ObjectiveCHeader.m */; };
		D0F161BC20F4190500B6412F /* infinity.png in Resources */ = {isa = PBXBuildFile; fileRef = D0F161BB20F4190400B6412F /* infinity.png */; };
		D0F858A0202BD39C00560247 /* TransactionBuilderViewController.swift in Sources */ = {isa = PBXBuildFile; fileRef = D0F8589F202BD39C00560247 /* TransactionBuilderViewController.swift */; };
/* End PBXBuildFile section */

/* Begin PBXContainerItemProxy section */
		D055011F2094FE79001C35F0 /* PBXContainerItemProxy */ = {
			isa = PBXContainerItemProxy;
			containerPortal = D0C56F4D1FCBFBC4004A5F47 /* Project object */;
			proxyType = 1;
			remoteGlobalIDString = D0C56F541FCBFBC4004A5F47;
			remoteInfo = BitKeys;
		};
/* End PBXContainerItemProxy section */

/* Begin PBXFileReference section */
		6B7ACBBE3624198C10931574 /* libPods-BitKeys.a */ = {isa = PBXFileReference; explicitFileType = archive.ar; includeInIndex = 0; path = "libPods-BitKeys.a"; sourceTree = BUILT_PRODUCTS_DIR; };
		89CBD468A5EF7493E5F477B6 /* Pods-BitKeys.release.xcconfig */ = {isa = PBXFileReference; includeInIndex = 1; lastKnownFileType = text.xcconfig; name = "Pods-BitKeys.release.xcconfig"; path = "Pods/Target Support Files/Pods-BitKeys/Pods-BitKeys.release.xcconfig"; sourceTree = "<group>"; };
		C6342F80D31874B6ABC8D895 /* Pods-BitKeys.debug.xcconfig */ = {isa = PBXFileReference; includeInIndex = 1; lastKnownFileType = text.xcconfig; name = "Pods-BitKeys.debug.xcconfig"; path = "Pods/Target Support Files/Pods-BitKeys/Pods-BitKeys.debug.xcconfig"; sourceTree = "<group>"; };
		D003821720B24D4400BC310D /* SettingsViewController.swift */ = {isa = PBXFileReference; lastKnownFileType = sourcecode.swift; path = SettingsViewController.swift; sourceTree = "<group>"; };
		D00B614D208FD46A00CE73A8 /* Signer.framework */ = {isa = PBXFileReference; lastKnownFileType = wrapper.framework; path = Signer.framework; sourceTree = "<group>"; };
		D00FF69B2083DA0F00660D3C /* one.png */ = {isa = PBXFileReference; lastKnownFileType = image.png; path = one.png; sourceTree = "<group>"; };
		D00FF69C2083DA0F00660D3C /* two.png */ = {isa = PBXFileReference; lastKnownFileType = image.png; path = two.png; sourceTree = "<group>"; };
		D00FF69D2083DA0F00660D3C /* five.png */ = {isa = PBXFileReference; lastKnownFileType = image.png; path = five.png; sourceTree = "<group>"; };
		D00FF69E2083DA0F00660D3C /* four.png */ = {isa = PBXFileReference; lastKnownFileType = image.png; path = four.png; sourceTree = "<group>"; };
		D00FF69F2083DA1000660D3C /* three.png */ = {isa = PBXFileReference; lastKnownFileType = image.png; path = three.png; sourceTree = "<group>"; };
		D00FF6A02083DA1000660D3C /* six.png */ = {isa = PBXFileReference; lastKnownFileType = image.png; path = six.png; sourceTree = "<group>"; };
		D00FF6A72083DAC900660D3C /* images-6.png */ = {isa = PBXFileReference; lastKnownFileType = image.png; path = "images-6.png"; sourceTree = "<group>"; };
		D01116B420EA534D00B01E31 /* edit.jpg */ = {isa = PBXFileReference; lastKnownFileType = image.jpeg; path = edit.jpg; sourceTree = "<group>"; };
		D01116B620EA56EE00B01E31 /* pay.png */ = {isa = PBXFileReference; lastKnownFileType = image.png; path = pay.png; sourceTree = "<group>"; };
		D01116B820EA587800B01E31 /* invoice.png */ = {isa = PBXFileReference; lastKnownFileType = image.png; path = invoice.png; sourceTree = "<group>"; };
		D01116BA20EAAF3000B01E31 /* bill.png */ = {isa = PBXFileReference; lastKnownFileType = image.png; path = bill.png; sourceTree = "<group>"; };
		D0207CA82102425A007A5346 /* greenFingerPrint.png */ = {isa = PBXFileReference; lastKnownFileType = image.png; path = greenFingerPrint.png; sourceTree = "<group>"; };
		D027521720D1AF2D0025EC0E /* qr.png */ = {isa = PBXFileReference; lastKnownFileType = image.png; path = qr.png; sourceTree = "<group>"; };
		D027521920D1C3220025EC0E /* addressBook.png */ = {isa = PBXFileReference; lastKnownFileType = image.png; path = addressBook.png; sourceTree = "<group>"; };
		D027521F20D292B10025EC0E /* AddressBookViewController.swift */ = {isa = PBXFileReference; lastKnownFileType = sourcecode.swift; path = AddressBookViewController.swift; sourceTree = "<group>"; };
		D027522120D2979E0025EC0E /* add.png */ = {isa = PBXFileReference; lastKnownFileType = image.png; path = add.png; sourceTree = "<group>"; };
		D0286D5E21E261C700954991 /* ReadMe.md */ = {isa = PBXFileReference; lastKnownFileType = net.daringfireball.markdown; path = ReadMe.md; sourceTree = "<group>"; };
		D040853420F4F8AF00C2DA2B /* unlocked.png */ = {isa = PBXFileReference; lastKnownFileType = image.png; path = unlocked.png; sourceTree = "<group>"; };
		D04213E321039C48003B03DA /* ImportViewController.swift */ = {isa = PBXFileReference; lastKnownFileType = sourcecode.swift; path = ImportViewController.swift; sourceTree = "<group>"; };
		D04213E52103C720003B03DA /* CreateInvoiceViewController.swift */ = {isa = PBXFileReference; lastKnownFileType = sourcecode.swift; path = CreateInvoiceViewController.swift; sourceTree = "<group>"; };
		D04213E72103D7CD003B03DA /* blackPayMe.png */ = {isa = PBXFileReference; lastKnownFileType = image.png; path = blackPayMe.png; sourceTree = "<group>"; };
		D046FD8F20F15DDE00D002AB /* save.png */ = {isa = PBXFileReference; lastKnownFileType = image.png; path = save.png; sourceTree = "<group>"; };
		D049F13120FA7BBA0073B807 /* broom.png */ = {isa = PBXFileReference; lastKnownFileType = image.png; path = broom.png; sourceTree = "<group>"; };
		D049F13320FA95BA0073B807 /* whiteCheck.png */ = {isa = PBXFileReference; lastKnownFileType = image.png; path = whiteCheck.png; sourceTree = "<group>"; };
		D049F13520FA9F670073B807 /* plus.png */ = {isa = PBXFileReference; lastKnownFileType = image.png; path = plus.png; sourceTree = "<group>"; };
		D049F13720FB73DF0073B807 /* blackDice.png */ = {isa = PBXFileReference; lastKnownFileType = image.png; path = blackDice.png; sourceTree = "<group>"; };
		D049F13920FB786A0073B807 /* dice1.png */ = {isa = PBXFileReference; lastKnownFileType = image.png; path = dice1.png; sourceTree = "<group>"; };
		D049F13A20FB786A0073B807 /* dice2.png */ = {isa = PBXFileReference; lastKnownFileType = image.png; path = dice2.png; sourceTree = "<group>"; };
		D049F13B20FB786A0073B807 /* dice3.png */ = {isa = PBXFileReference; lastKnownFileType = image.png; path = dice3.png; sourceTree = "<group>"; };
		D049F13C20FB786A0073B807 /* dice4.png */ = {isa = PBXFileReference; lastKnownFileType = image.png; path = dice4.png; sourceTree = "<group>"; };
		D049F13D20FB786B0073B807 /* dice5.png */ = {isa = PBXFileReference; lastKnownFileType = image.png; path = dice5.png; sourceTree = "<group>"; };
		D049F14320FB7C710073B807 /* dice6.png */ = {isa = PBXFileReference; lastKnownFileType = image.png; path = dice6.png; sourceTree = "<group>"; };
		D04A203220E7BDB1009038EE /* CustomPhotoAlbum.swift */ = {isa = PBXFileReference; lastKnownFileType = sourcecode.swift; path = CustomPhotoAlbum.swift; sourceTree = "<group>"; };
		D04BAB2520CB1B3E00501B6D /* SpendMultiSigViewController.swift */ = {isa = PBXFileReference; lastKnownFileType = sourcecode.swift; path = SpendMultiSigViewController.swift; sourceTree = "<group>"; };
		D04BAB2B20CC2F6B00501B6D /* InfoViewController.swift */ = {isa = PBXFileReference; lastKnownFileType = sourcecode.swift; path = InfoViewController.swift; sourceTree = "<group>"; };
		D04BAB3320CC79CF00501B6D /* img_311477.png */ = {isa = PBXFileReference; lastKnownFileType = image.png; path = img_311477.png; sourceTree = "<group>"; };
		D04EC45A20F670CD00200DB8 /* Bitsense image2.png */ = {isa = PBXFileReference; lastKnownFileType = image.png; path = "Bitsense image2.png"; sourceTree = "<group>"; };
		D04F692520F825D200A84E7C /* CreateMultiSigViewController.swift */ = {isa = PBXFileReference; lastKnownFileType = sourcecode.swift; path = CreateMultiSigViewController.swift; sourceTree = "<group>"; };
		D05007B120FCF6C400DC2A71 /* whiteInfinity.png */ = {isa = PBXFileReference; lastKnownFileType = image.png; path = whiteInfinity.png; sourceTree = "<group>"; };
		D05007B320FCF70300DC2A71 /* whiteHistory.png */ = {isa = PBXFileReference; lastKnownFileType = image.png; path = whiteHistory.png; sourceTree = "<group>"; };
		D05007B520FCF78200DC2A71 /* whitePay.png */ = {isa = PBXFileReference; lastKnownFileType = image.png; path = whitePay.png; sourceTree = "<group>"; };
		D05007B720FCF7F200DC2A71 /* whiteInvoice.png */ = {isa = PBXFileReference; lastKnownFileType = image.png; path = whiteInvoice.png; sourceTree = "<group>"; };
		D05007B920FCFB1800DC2A71 /* whiteSave.png */ = {isa = PBXFileReference; lastKnownFileType = image.png; path = whiteSave.png; sourceTree = "<group>"; };
		D05007BB20FD2F8A00DC2A71 /* saveMultiSig.swift */ = {isa = PBXFileReference; lastKnownFileType = sourcecode.swift; path = saveMultiSig.swift; sourceTree = "<group>"; };
		D055011A2094FE79001C35F0 /* BitKeysTests.xctest */ = {isa = PBXFileReference; explicitFileType = wrapper.cfbundle; includeInIndex = 0; path = BitKeysTests.xctest; sourceTree = BUILT_PRODUCTS_DIR; };
		D055011C2094FE79001C35F0 /* BitKeysTests.swift */ = {isa = PBXFileReference; lastKnownFileType = sourcecode.swift; path = BitKeysTests.swift; sourceTree = "<group>"; };
		D055011E2094FE79001C35F0 /* Info.plist */ = {isa = PBXFileReference; lastKnownFileType = text.plist.xml; path = Info.plist; sourceTree = "<group>"; };
		D055012620950E9F001C35F0 /* SegwitAddrCoder.swift */ = {isa = PBXFileReference; lastKnownFileType = sourcecode.swift; path = SegwitAddrCoder.swift; sourceTree = "<group>"; };
		D055012A2095134C001C35F0 /* Bech32.swift */ = {isa = PBXFileReference; lastKnownFileType = sourcecode.swift; path = Bech32.swift; sourceTree = "<group>"; };
		D057B24320D9D570006661DC /* TransactionHistoryViewController.swift */ = {isa = PBXFileReference; lastKnownFileType = sourcecode.swift; path = TransactionHistoryViewController.swift; sourceTree = "<group>"; };
		D05D158320DEE929001B209D /* AES256CBC.framework */ = {isa = PBXFileReference; lastKnownFileType = wrapper.framework; name = AES256CBC.framework; path = Carthage/Build/iOS/AES256CBC.framework; sourceTree = "<group>"; };
		D05E52DB20F79B5900F36D63 /* Add Pin - Trip key.png */ = {isa = PBXFileReference; lastKnownFileType = image.png; path = "Add Pin - Trip key.png"; sourceTree = "<group>"; };
		D05E52DD20F7A25100F36D63 /* whiteLock.png */ = {isa = PBXFileReference; lastKnownFileType = image.png; path = whiteLock.png; sourceTree = "<group>"; };
		D05E52DE20F7A25100F36D63 /* whiteUnlocked.png */ = {isa = PBXFileReference; lastKnownFileType = image.png; path = whiteUnlocked.png; sourceTree = "<group>"; };
		D05E52E120F7A39F00F36D63 /* whiteKey.png */ = {isa = PBXFileReference; lastKnownFileType = image.png; path = whiteKey.png; sourceTree = "<group>"; };
		D05E52E320F7A68100F36D63 /* whiteQR.png */ = {isa = PBXFileReference; lastKnownFileType = image.png; path = whiteQR.png; sourceTree = "<group>"; };
		D05E52E520F7CA5200F36D63 /* diceCreator.swift */ = {isa = PBXFileReference; lastKnownFileType = sourcecode.swift; path = diceCreator.swift; sourceTree = "<group>"; };
		D06031A420E018F000609997 /* Bitsense image.png */ = {isa = PBXFileReference; lastKnownFileType = image.png; path = "Bitsense image.png"; sourceTree = "<group>"; };
		D07CCD1220F10B45001F0191 /* branch.png */ = {isa = PBXFileReference; lastKnownFileType = image.png; path = branch.png; sourceTree = "<group>"; };
		D07CCD1420F10DF3001F0191 /* children.png */ = {isa = PBXFileReference; lastKnownFileType = image.png; path = children.png; sourceTree = "<group>"; };
		D07CCD1620F1130A001F0191 /* HDChildViewController.swift */ = {isa = PBXFileReference; lastKnownFileType = sourcecode.swift; path = HDChildViewController.swift; sourceTree = "<group>"; };
		D089BFA3207EBDEF0086243B /* SipHash.framework */ = {isa = PBXFileReference; lastKnownFileType = wrapper.framework; name = SipHash.framework; path = Carthage/Build/iOS/SipHash.framework; sourceTree = "<group>"; };
		D089BFA4207EBDEF0086243B /* BigInt.framework */ = {isa = PBXFileReference; lastKnownFileType = wrapper.framework; name = BigInt.framework; path = Carthage/Build/iOS/BigInt.framework; sourceTree = "<group>"; };
		D08F7EFD20E5BECB00505AE8 /* LocalAuthentication.framework */ = {isa = PBXFileReference; lastKnownFileType = wrapper.framework; name = LocalAuthentication.framework; path = System/Library/Frameworks/LocalAuthentication.framework; sourceTree = SDKROOT; };
		D08FA4AD20D4853500BADC3B /* walletSaver.swift */ = {isa = PBXFileReference; lastKnownFileType = sourcecode.swift; path = walletSaver.swift; sourceTree = "<group>"; };
		D08FA4B120D4940C00BADC3B /* keyCreatorFromEntropy.swift */ = {isa = PBXFileReference; lastKnownFileType = sourcecode.swift; path = keyCreatorFromEntropy.swift; sourceTree = "<group>"; };
		D08FA4B320D49A3D00BADC3B /* Utilities.swift */ = {isa = PBXFileReference; lastKnownFileType = sourcecode.swift; path = Utilities.swift; sourceTree = "<group>"; };
		D09603DF20FF62CC00A7D1EE /* whiteFingerPrint.png */ = {isa = PBXFileReference; lastKnownFileType = image.png; path = whiteFingerPrint.png; sourceTree = "<group>"; };
		D09603E120FFDA1C00A7D1EE /* BuildTransactionViewController.swift */ = {isa = PBXFileReference; lastKnownFileType = sourcecode.swift; path = BuildTransactionViewController.swift; sourceTree = "<group>"; };
		D098731C20D01C3D007B8930 /* lock.jpg */ = {isa = PBXFileReference; lastKnownFileType = image.jpeg; path = lock.jpg; sourceTree = "<group>"; };
		D098731E20D021BE007B8930 /* price.png */ = {isa = PBXFileReference; lastKnownFileType = image.png; path = price.png; sourceTree = "<group>"; };
		D098732020D02A6B007B8930 /* keys.png */ = {isa = PBXFileReference; lastKnownFileType = image.png; path = keys.png; sourceTree = "<group>"; };
		D09A24E420E5258E00DAFDC8 /* TransactionSettingsViewController.swift */ = {isa = PBXFileReference; lastKnownFileType = sourcecode.swift; path = TransactionSettingsViewController.swift; sourceTree = "<group>"; };
		D09FB1DD1FCC002200A9630F /* Header.h */ = {isa = PBXFileReference; lastKnownFileType = sourcecode.c.h; path = Header.h; sourceTree = "<group>"; };
		D0A7342D20E93CC500DB36DD /* RawTransactionViewController.swift */ = {isa = PBXFileReference; lastKnownFileType = sourcecode.swift; path = RawTransactionViewController.swift; sourceTree = "<group>"; };
		D0A7342F20E95C1C00DB36DD /* sweep.jpeg */ = {isa = PBXFileReference; lastKnownFileType = image.jpeg; path = sweep.jpeg; sourceTree = "<group>"; };
		D0A7343320E977A700DB36DD /* binaryImage.jpg */ = {isa = PBXFileReference; lastKnownFileType = image.jpeg; path = binaryImage.jpg; sourceTree = "<group>"; };
		D0AF8D1E20FEBBC6003D2596 /* LogInViewController.swift */ = {isa = PBXFileReference; lastKnownFileType = sourcecode.swift; path = LogInViewController.swift; sourceTree = "<group>"; };
		D0B13A6721025087001EFCB0 /* blackPay.png */ = {isa = PBXFileReference; lastKnownFileType = image.png; path = blackPay.png; sourceTree = "<group>"; };
		D0B597842013E96E000767A7 /* ViewControllerBalanceChecker.swift */ = {isa = PBXFileReference; lastKnownFileType = sourcecode.swift; path = ViewControllerBalanceChecker.swift; sourceTree = "<group>"; };
		D0B6B53B20EFA0A000A1FA43 /* success.png */ = {isa = PBXFileReference; lastKnownFileType = image.png; path = success.png; sourceTree = "<group>"; };
		D0B6B53D20EFA9F900A1FA43 /* background.jpg */ = {isa = PBXFileReference; lastKnownFileType = image.jpeg; path = background.jpg; sourceTree = "<group>"; };
		D0C1788220DC7DC400F3D6E1 /* history.png */ = {isa = PBXFileReference; lastKnownFileType = image.png; path = history.png; sourceTree = "<group>"; };
		D0C47DE120CD48A50076CA3B /* tool2.png */ = {isa = PBXFileReference; lastKnownFileType = image.png; path = tool2.png; sourceTree = "<group>"; };
		D0C47DE320CD4BAA0076CA3B /* settings2.png */ = {isa = PBXFileReference; lastKnownFileType = image.png; path = settings2.png; sourceTree = "<group>"; };
		D0C47DE520CD4C3A0076CA3B /* help2.png */ = {isa = PBXFileReference; lastKnownFileType = image.png; path = help2.png; sourceTree = "<group>"; };
		D0C47DE720CD7D370076CA3B /* backUp.jpg */ = {isa = PBXFileReference; lastKnownFileType = image.jpeg; path = backUp.jpg; sourceTree = "<group>"; };
		D0C47DE920CD7E750076CA3B /* switch.jpg */ = {isa = PBXFileReference; lastKnownFileType = image.jpeg; path = switch.jpg; sourceTree = "<group>"; };
		D0C47DEB20CD80A10076CA3B /* clear.png */ = {isa = PBXFileReference; lastKnownFileType = image.png; path = clear.png; sourceTree = "<group>"; };
		D0C47DED20CD81E00076CA3B /* back2.png */ = {isa = PBXFileReference; lastKnownFileType = image.png; path = back2.png; sourceTree = "<group>"; };
		D0C56F551FCBFBC4004A5F47 /* BitKeys.app */ = {isa = PBXFileReference; explicitFileType = wrapper.application; includeInIndex = 0; path = BitKeys.app; sourceTree = BUILT_PRODUCTS_DIR; };
		D0C56F581FCBFBC4004A5F47 /* AppDelegate.swift */ = {isa = PBXFileReference; lastKnownFileType = sourcecode.swift; path = AppDelegate.swift; sourceTree = "<group>"; };
		D0C56F5A1FCBFBC4004A5F47 /* ViewController.swift */ = {isa = PBXFileReference; lastKnownFileType = sourcecode.swift; path = ViewController.swift; sourceTree = "<group>"; };
		D0C56F5D1FCBFBC4004A5F47 /* Base */ = {isa = PBXFileReference; lastKnownFileType = file.storyboard; name = Base; path = Base.lproj/Main.storyboard; sourceTree = "<group>"; };
		D0C56F601FCBFBC4004A5F47 /* BitKeys.xcdatamodel */ = {isa = PBXFileReference; lastKnownFileType = wrapper.xcdatamodel; path = BitKeys.xcdatamodel; sourceTree = "<group>"; };
		D0C56F621FCBFBC4004A5F47 /* Assets.xcassets */ = {isa = PBXFileReference; lastKnownFileType = folder.assetcatalog; path = Assets.xcassets; sourceTree = "<group>"; };
		D0C56F651FCBFBC4004A5F47 /* Base */ = {isa = PBXFileReference; lastKnownFileType = file.storyboard; name = Base; path = Base.lproj/LaunchScreen.storyboard; sourceTree = "<group>"; };
		D0C56F671FCBFBC4004A5F47 /* Info.plist */ = {isa = PBXFileReference; lastKnownFileType = text.plist.xml; path = Info.plist; sourceTree = "<group>"; };
		D0D1A42220E658AD00B6399F /* SecuritySettingsViewController.swift */ = {isa = PBXFileReference; lastKnownFileType = sourcecode.swift; path = SecuritySettingsViewController.swift; sourceTree = "<group>"; };
		D0D1A42420E66C9200B6399F /* SwiftKeychainWrapper.framework */ = {isa = PBXFileReference; lastKnownFileType = wrapper.framework; name = SwiftKeychainWrapper.framework; path = Carthage/Build/iOS/SwiftKeychainWrapper.framework; sourceTree = "<group>"; };
		D0E8115B20615E23000DBBE8 /* MayerMultipleViewController.swift */ = {isa = PBXFileReference; lastKnownFileType = sourcecode.swift; path = MayerMultipleViewController.swift; sourceTree = "<group>"; };
		D0EF96691FCC07FA004A8E4E /* BitKeys-Bridging-Header.h */ = {isa = PBXFileReference; lastKnownFileType = sourcecode.c.h; path = "BitKeys-Bridging-Header.h"; sourceTree = "<group>"; };
		D0EF966A1FCC07FB004A8E4E /* ObjectiveCHeader.m */ = {isa = PBXFileReference; lastKnownFileType = sourcecode.c.objc; path = ObjectiveCHeader.m; sourceTree = "<group>"; };
		D0F161BB20F4190400B6412F /* infinity.png */ = {isa = PBXFileReference; lastKnownFileType = image.png; path = infinity.png; sourceTree = "<group>"; };
		D0F8589F202BD39C00560247 /* TransactionBuilderViewController.swift */ = {isa = PBXFileReference; lastKnownFileType = sourcecode.swift; path = TransactionBuilderViewController.swift; sourceTree = "<group>"; };
/* End PBXFileReference section */

/* Begin PBXFrameworksBuildPhase section */
		D05501172094FE79001C35F0 /* Frameworks */ = {
			isa = PBXFrameworksBuildPhase;
			buildActionMask = 2147483647;
			files = (
			);
			runOnlyForDeploymentPostprocessing = 0;
		};
		D0C56F521FCBFBC4004A5F47 /* Frameworks */ = {
			isa = PBXFrameworksBuildPhase;
			buildActionMask = 2147483647;
			files = (
				D08F7EFE20E5BEFF00505AE8 /* LocalAuthentication.framework in Frameworks */,
				D0D1A42520E66C9200B6399F /* SwiftKeychainWrapper.framework in Frameworks */,
				631F99E7179C80B3B0E962E1 /* libPods-BitKeys.a in Frameworks */,
				D00B614E208FD46A00CE73A8 /* Signer.framework in Frameworks */,
				D05D158420DEE929001B209D /* AES256CBC.framework in Frameworks */,
				D089BFA5207EBDEF0086243B /* SipHash.framework in Frameworks */,
				D089BFA6207EBDEF0086243B /* BigInt.framework in Frameworks */,
			);
			runOnlyForDeploymentPostprocessing = 0;
		};
/* End PBXFrameworksBuildPhase section */

/* Begin PBXGroup section */
		A0C88E4F84D8B0DF84BC4A7B /* Frameworks */ = {
			isa = PBXGroup;
			children = (
				D0D1A42420E66C9200B6399F /* SwiftKeychainWrapper.framework */,
				D08F7EFD20E5BECB00505AE8 /* LocalAuthentication.framework */,
				D05D158320DEE929001B209D /* AES256CBC.framework */,
				D00B614D208FD46A00CE73A8 /* Signer.framework */,
				D089BFA4207EBDEF0086243B /* BigInt.framework */,
				D089BFA3207EBDEF0086243B /* SipHash.framework */,
				6B7ACBBE3624198C10931574 /* libPods-BitKeys.a */,
			);
			name = Frameworks;
			sourceTree = "<group>";
		};
		D00FF69A2083D9E400660D3C /* Pictures */ = {
			isa = PBXGroup;
			children = (
				D027521720D1AF2D0025EC0E /* qr.png */,
				D05E52E120F7A39F00F36D63 /* whiteKey.png */,
				D0207CA82102425A007A5346 /* greenFingerPrint.png */,
				D09603DF20FF62CC00A7D1EE /* whiteFingerPrint.png */,
				D04213E72103D7CD003B03DA /* blackPayMe.png */,
				D05E52E320F7A68100F36D63 /* whiteQR.png */,
				D040853420F4F8AF00C2DA2B /* unlocked.png */,
				D0A7343320E977A700DB36DD /* binaryImage.jpg */,
				D05E52DD20F7A25100F36D63 /* whiteLock.png */,
				D049F13520FA9F670073B807 /* plus.png */,
				D05E52DE20F7A25100F36D63 /* whiteUnlocked.png */,
				D07CCD1420F10DF3001F0191 /* children.png */,
				D05007B120FCF6C400DC2A71 /* whiteInfinity.png */,
				D05007B320FCF70300DC2A71 /* whiteHistory.png */,
				D0B13A6721025087001EFCB0 /* blackPay.png */,
				D049F13120FA7BBA0073B807 /* broom.png */,
				D049F13720FB73DF0073B807 /* blackDice.png */,
				D0C1788220DC7DC400F3D6E1 /* history.png */,
				D049F13320FA95BA0073B807 /* whiteCheck.png */,
				D046FD8F20F15DDE00D002AB /* save.png */,
				D01116B420EA534D00B01E31 /* edit.jpg */,
				D0F161BB20F4190400B6412F /* infinity.png */,
				D049F14320FB7C710073B807 /* dice6.png */,
				D04EC45A20F670CD00200DB8 /* Bitsense image2.png */,
				D027522120D2979E0025EC0E /* add.png */,
				D05E52DB20F79B5900F36D63 /* Add Pin - Trip key.png */,
				D0B6B53B20EFA0A000A1FA43 /* success.png */,
				D049F13920FB786A0073B807 /* dice1.png */,
				D049F13A20FB786A0073B807 /* dice2.png */,
				D049F13B20FB786A0073B807 /* dice3.png */,
				D049F13C20FB786A0073B807 /* dice4.png */,
				D049F13D20FB786B0073B807 /* dice5.png */,
				D07CCD1220F10B45001F0191 /* branch.png */,
				D098732020D02A6B007B8930 /* keys.png */,
				D01116B820EA587800B01E31 /* invoice.png */,
				D027521920D1C3220025EC0E /* addressBook.png */,
				D01116B620EA56EE00B01E31 /* pay.png */,
				D098731E20D021BE007B8930 /* price.png */,
				D05007B520FCF78200DC2A71 /* whitePay.png */,
				D05007B720FCF7F200DC2A71 /* whiteInvoice.png */,
				D0C47DEB20CD80A10076CA3B /* clear.png */,
				D05007B920FCFB1800DC2A71 /* whiteSave.png */,
				D0B6B53D20EFA9F900A1FA43 /* background.jpg */,
				D0C47DE920CD7E750076CA3B /* switch.jpg */,
				D0C47DE720CD7D370076CA3B /* backUp.jpg */,
				D098731C20D01C3D007B8930 /* lock.jpg */,
				D0A7342F20E95C1C00DB36DD /* sweep.jpeg */,
				D06031A420E018F000609997 /* Bitsense image.png */,
				D0C47DE520CD4C3A0076CA3B /* help2.png */,
				D0C47DE320CD4BAA0076CA3B /* settings2.png */,
				D0C47DE120CD48A50076CA3B /* tool2.png */,
				D01116BA20EAAF3000B01E31 /* bill.png */,
				D04BAB3320CC79CF00501B6D /* img_311477.png */,
				D0C47DED20CD81E00076CA3B /* back2.png */,
				D00FF6A72083DAC900660D3C /* images-6.png */,
				D00FF69B2083DA0F00660D3C /* one.png */,
				D00FF69C2083DA0F00660D3C /* two.png */,
				D00FF69F2083DA1000660D3C /* three.png */,
				D00FF69E2083DA0F00660D3C /* four.png */,
				D00FF69D2083DA0F00660D3C /* five.png */,
				D00FF6A02083DA1000660D3C /* six.png */,
			);
			name = Pictures;
			path = ..;
			sourceTree = "<group>";
		};
		D0286D4F21E259F700954991 /* Miscellaneous */ = {
			isa = PBXGroup;
			children = (
				D08FA4B320D49A3D00BADC3B /* Utilities.swift */,
				D04A203220E7BDB1009038EE /* CustomPhotoAlbum.swift */,
				D09FB1DD1FCC002200A9630F /* Header.h */,
				D0EF966A1FCC07FB004A8E4E /* ObjectiveCHeader.m */,
				D0EF96691FCC07FA004A8E4E /* BitKeys-Bridging-Header.h */,
			);
			path = Miscellaneous;
			sourceTree = "<group>";
		};
		D0286D5021E25A6300954991 /* Helpers */ = {
			isa = PBXGroup;
			children = (
				D0286D5421E25B6600954991 /* Wallet Savers */,
				D0286D5321E25B4400954991 /* Key Creators */,
			);
			path = Helpers;
			sourceTree = "<group>";
		};
		D0286D5221E25ABA00954991 /* View Controllers */ = {
			isa = PBXGroup;
			children = (
				D0286D5721E25C5900954991 /* Home */,
				D0286D5621E25C3300954991 /* Settings */,
				D0286D5D21E25D5A00954991 /* HD Viewer */,
				D0286D5C21E25D4800954991 /* Multi Sig Creator */,
				D0286D5B21E25D2D00954991 /* Wallet Import */,
				D0286D5A21E25D1700954991 /* Help */,
				D0286D5921E25CD100954991 /* Price Checker */,
				D0286D5821E25C8A00954991 /* Balance Checker */,
				D0286D5521E25BB600954991 /* Transactions */,
			);
			path = "View Controllers";
			sourceTree = "<group>";
		};
		D0286D5321E25B4400954991 /* Key Creators */ = {
			isa = PBXGroup;
			children = (
				D055012A2095134C001C35F0 /* Bech32.swift */,
				D055012620950E9F001C35F0 /* SegwitAddrCoder.swift */,
				D08FA4B120D4940C00BADC3B /* keyCreatorFromEntropy.swift */,
				D05E52E520F7CA5200F36D63 /* diceCreator.swift */,
			);
			path = "Key Creators";
			sourceTree = "<group>";
		};
		D0286D5421E25B6600954991 /* Wallet Savers */ = {
			isa = PBXGroup;
			children = (
				D05007BB20FD2F8A00DC2A71 /* saveMultiSig.swift */,
				D08FA4AD20D4853500BADC3B /* walletSaver.swift */,
			);
			path = "Wallet Savers";
			sourceTree = "<group>";
		};
		D0286D5521E25BB600954991 /* Transactions */ = {
			isa = PBXGroup;
			children = (
				D04213E52103C720003B03DA /* CreateInvoiceViewController.swift */,
				D0A7342D20E93CC500DB36DD /* RawTransactionViewController.swift */,
				D09A24E420E5258E00DAFDC8 /* TransactionSettingsViewController.swift */,
				D057B24320D9D570006661DC /* TransactionHistoryViewController.swift */,
				D09603E120FFDA1C00A7D1EE /* BuildTransactionViewController.swift */,
				D0F8589F202BD39C00560247 /* TransactionBuilderViewController.swift */,
				D04BAB2520CB1B3E00501B6D /* SpendMultiSigViewController.swift */,
			);
			path = Transactions;
			sourceTree = "<group>";
		};
		D0286D5621E25C3300954991 /* Settings */ = {
			isa = PBXGroup;
			children = (
				D003821720B24D4400BC310D /* SettingsViewController.swift */,
				D0D1A42220E658AD00B6399F /* SecuritySettingsViewController.swift */,
			);
			path = Settings;
			sourceTree = "<group>";
		};
		D0286D5721E25C5900954991 /* Home */ = {
			isa = PBXGroup;
			children = (
				D0AF8D1E20FEBBC6003D2596 /* LogInViewController.swift */,
				D027521F20D292B10025EC0E /* AddressBookViewController.swift */,
				D0C56F5A1FCBFBC4004A5F47 /* ViewController.swift */,
			);
			path = Home;
			sourceTree = "<group>";
		};
		D0286D5821E25C8A00954991 /* Balance Checker */ = {
			isa = PBXGroup;
			children = (
				D0B597842013E96E000767A7 /* ViewControllerBalanceChecker.swift */,
			);
			path = "Balance Checker";
			sourceTree = "<group>";
		};
		D0286D5921E25CD100954991 /* Price Checker */ = {
			isa = PBXGroup;
			children = (
				D0E8115B20615E23000DBBE8 /* MayerMultipleViewController.swift */,
			);
			path = "Price Checker";
			sourceTree = "<group>";
		};
		D0286D5A21E25D1700954991 /* Help */ = {
			isa = PBXGroup;
			children = (
				D04BAB2B20CC2F6B00501B6D /* InfoViewController.swift */,
			);
			path = Help;
			sourceTree = "<group>";
		};
		D0286D5B21E25D2D00954991 /* Wallet Import */ = {
			isa = PBXGroup;
			children = (
				D04213E321039C48003B03DA /* ImportViewController.swift */,
			);
			path = "Wallet Import";
			sourceTree = "<group>";
		};
		D0286D5C21E25D4800954991 /* Multi Sig Creator */ = {
			isa = PBXGroup;
			children = (
				D04F692520F825D200A84E7C /* CreateMultiSigViewController.swift */,
			);
			path = "Multi Sig Creator";
			sourceTree = "<group>";
		};
		D0286D5D21E25D5A00954991 /* HD Viewer */ = {
			isa = PBXGroup;
			children = (
				D07CCD1620F1130A001F0191 /* HDChildViewController.swift */,
			);
			path = "HD Viewer";
			sourceTree = "<group>";
		};
		D055011B2094FE79001C35F0 /* BitKeysTests */ = {
			isa = PBXGroup;
			children = (
				D055011C2094FE79001C35F0 /* BitKeysTests.swift */,
				D055011E2094FE79001C35F0 /* Info.plist */,
			);
			path = BitKeysTests;
			sourceTree = "<group>";
		};
		D0C56F4C1FCBFBC4004A5F47 = {
			isa = PBXGroup;
			children = (
				D0286D5E21E261C700954991 /* ReadMe.md */,
				D0C56F571FCBFBC4004A5F47 /* BitKeys */,
				D055011B2094FE79001C35F0 /* BitKeysTests */,
				D0C56F561FCBFBC4004A5F47 /* Products */,
				E481ABCF6DB8348A90F6F327 /* Pods */,
				A0C88E4F84D8B0DF84BC4A7B /* Frameworks */,
			);
			sourceTree = "<group>";
		};
		D0C56F561FCBFBC4004A5F47 /* Products */ = {
			isa = PBXGroup;
			children = (
				D0C56F551FCBFBC4004A5F47 /* BitKeys.app */,
				D055011A2094FE79001C35F0 /* BitKeysTests.xctest */,
			);
			name = Products;
			sourceTree = "<group>";
		};
		D0C56F571FCBFBC4004A5F47 /* BitKeys */ = {
			isa = PBXGroup;
			children = (
				D0286D5221E25ABA00954991 /* View Controllers */,
				D0286D5021E25A6300954991 /* Helpers */,
				D0286D4F21E259F700954991 /* Miscellaneous */,
				D0C56F581FCBFBC4004A5F47 /* AppDelegate.swift */,
				D0C56F5C1FCBFBC4004A5F47 /* Main.storyboard */,
				D0C56F621FCBFBC4004A5F47 /* Assets.xcassets */,
				D0C56F641FCBFBC4004A5F47 /* LaunchScreen.storyboard */,
				D0C56F671FCBFBC4004A5F47 /* Info.plist */,
				D0C56F5F1FCBFBC4004A5F47 /* BitKeys.xcdatamodeld */,
				D00FF69A2083D9E400660D3C /* Pictures */,
			);
			path = BitKeys;
			sourceTree = "<group>";
		};
		E481ABCF6DB8348A90F6F327 /* Pods */ = {
			isa = PBXGroup;
			children = (
				C6342F80D31874B6ABC8D895 /* Pods-BitKeys.debug.xcconfig */,
				89CBD468A5EF7493E5F477B6 /* Pods-BitKeys.release.xcconfig */,
			);
			name = Pods;
			sourceTree = "<group>";
		};
/* End PBXGroup section */

/* Begin PBXNativeTarget section */
		D05501192094FE79001C35F0 /* BitKeysTests */ = {
			isa = PBXNativeTarget;
			buildConfigurationList = D05501212094FE79001C35F0 /* Build configuration list for PBXNativeTarget "BitKeysTests" */;
			buildPhases = (
				D05501162094FE79001C35F0 /* Sources */,
				D05501172094FE79001C35F0 /* Frameworks */,
				D05501182094FE79001C35F0 /* Resources */,
			);
			buildRules = (
			);
			dependencies = (
				D05501202094FE79001C35F0 /* PBXTargetDependency */,
			);
			name = BitKeysTests;
			productName = BitKeysTests;
			productReference = D055011A2094FE79001C35F0 /* BitKeysTests.xctest */;
			productType = "com.apple.product-type.bundle.unit-test";
		};
		D0C56F541FCBFBC4004A5F47 /* BitKeys */ = {
			isa = PBXNativeTarget;
			buildConfigurationList = D0C56F6A1FCBFBC4004A5F47 /* Build configuration list for PBXNativeTarget "BitKeys" */;
			buildPhases = (
				C9DCDB75CDE3B5E7DF54FB68 /* [CP] Check Pods Manifest.lock */,
				D0C56F511FCBFBC4004A5F47 /* Sources */,
				D0C56F521FCBFBC4004A5F47 /* Frameworks */,
				D0C56F531FCBFBC4004A5F47 /* Resources */,
				577AE22B756C8A8F651E5094 /* [CP] Embed Pods Frameworks */,
				4738A628959DF2CE8EB5D012 /* [CP] Copy Pods Resources */,
				D089BFA7207EBE280086243B /* ShellScript */,
			);
			buildRules = (
			);
			dependencies = (
			);
			name = BitKeys;
			productName = BitKeys;
			productReference = D0C56F551FCBFBC4004A5F47 /* BitKeys.app */;
			productType = "com.apple.product-type.application";
		};
/* End PBXNativeTarget section */

/* Begin PBXProject section */
		D0C56F4D1FCBFBC4004A5F47 /* Project object */ = {
			isa = PBXProject;
			attributes = {
				LastSwiftUpdateCheck = 0910;
				LastUpgradeCheck = 0910;
				ORGANIZATIONNAME = Fontaine;
				TargetAttributes = {
					D05501192094FE79001C35F0 = {
						CreatedOnToolsVersion = 9.1;
						ProvisioningStyle = Automatic;
						TestTargetID = D0C56F541FCBFBC4004A5F47;
					};
					D0C56F541FCBFBC4004A5F47 = {
						CreatedOnToolsVersion = 9.1;
						LastSwiftMigration = 0910;
						ProvisioningStyle = Automatic;
					};
				};
			};
			buildConfigurationList = D0C56F501FCBFBC4004A5F47 /* Build configuration list for PBXProject "BitKeys" */;
			compatibilityVersion = "Xcode 8.0";
			developmentRegion = en;
			hasScannedForEncodings = 0;
			knownRegions = (
				en,
				Base,
			);
			mainGroup = D0C56F4C1FCBFBC4004A5F47;
			productRefGroup = D0C56F561FCBFBC4004A5F47 /* Products */;
			projectDirPath = "";
			projectRoot = "";
			targets = (
				D0C56F541FCBFBC4004A5F47 /* BitKeys */,
				D05501192094FE79001C35F0 /* BitKeysTests */,
			);
		};
/* End PBXProject section */

/* Begin PBXResourcesBuildPhase section */
		D05501182094FE79001C35F0 /* Resources */ = {
			isa = PBXResourcesBuildPhase;
			buildActionMask = 2147483647;
			files = (
			);
			runOnlyForDeploymentPostprocessing = 0;
		};
		D0C56F531FCBFBC4004A5F47 /* Resources */ = {
			isa = PBXResourcesBuildPhase;
			buildActionMask = 2147483647;
			files = (
				D0286D5F21E261C700954991 /* ReadMe.md in Resources */,
				D01116B920EA587800B01E31 /* invoice.png in Resources */,
				D049F13F20FB786B0073B807 /* dice2.png in Resources */,
				D09603E020FF62CC00A7D1EE /* whiteFingerPrint.png in Resources */,
				D07CCD1320F10B46001F0191 /* branch.png in Resources */,
				D0A7343020E95C1C00DB36DD /* sweep.jpeg in Resources */,
				D06031A520E018F000609997 /* Bitsense image.png in Resources */,
				D01116B520EA534D00B01E31 /* edit.jpg in Resources */,
				D05E52E220F7A3A000F36D63 /* whiteKey.png in Resources */,
				D0A7343420E977A700DB36DD /* binaryImage.jpg in Resources */,
				D049F14020FB786B0073B807 /* dice3.png in Resources */,
				D00FF6A22083DA1000660D3C /* two.png in Resources */,
				D05E52E420F7A68200F36D63 /* whiteQR.png in Resources */,
				D049F13420FA95BA0073B807 /* whiteCheck.png in Resources */,
				D0C47DEC20CD80A10076CA3B /* clear.png in Resources */,
				D07CCD1520F10DF3001F0191 /* children.png in Resources */,
				D040853520F4F8B000C2DA2B /* unlocked.png in Resources */,
				D0C56F661FCBFBC4004A5F47 /* LaunchScreen.storyboard in Resources */,
				D049F14220FB786B0073B807 /* dice5.png in Resources */,
				D027522220D2979E0025EC0E /* add.png in Resources */,
				D0C56F631FCBFBC4004A5F47 /* Assets.xcassets in Resources */,
				D00FF6A52083DA1000660D3C /* three.png in Resources */,
				D0B6B53E20EFA9F900A1FA43 /* background.jpg in Resources */,
				D0C47DEE20CD81E00076CA3B /* back2.png in Resources */,
				D04EC45B20F670CD00200DB8 /* Bitsense image2.png in Resources */,
				D098732120D02A6B007B8930 /* keys.png in Resources */,
				D0B13A6821025087001EFCB0 /* blackPay.png in Resources */,
				D04213E82103D7CD003B03DA /* blackPayMe.png in Resources */,
				D05007BA20FCFB1900DC2A71 /* whiteSave.png in Resources */,
				D049F14420FB7C710073B807 /* dice6.png in Resources */,
				D05E52DC20F79B5900F36D63 /* Add Pin - Trip key.png in Resources */,
				D0C1788320DC7DC400F3D6E1 /* history.png in Resources */,
				D0C47DEA20CD7E750076CA3B /* switch.jpg in Resources */,
				D049F13E20FB786B0073B807 /* dice1.png in Resources */,
				D027521820D1AF2D0025EC0E /* qr.png in Resources */,
				D0B6B53C20EFA0A000A1FA43 /* success.png in Resources */,
				D05007B820FCF7F300DC2A71 /* whiteInvoice.png in Resources */,
				D049F13220FA7BBA0073B807 /* broom.png in Resources */,
				D00FF6A62083DA1000660D3C /* six.png in Resources */,
				D049F13820FB73DF0073B807 /* blackDice.png in Resources */,
				D0C56F5E1FCBFBC4004A5F47 /* Main.storyboard in Resources */,
				D027521A20D1C3230025EC0E /* addressBook.png in Resources */,
				D05E52E020F7A25100F36D63 /* whiteUnlocked.png in Resources */,
				D0F161BC20F4190500B6412F /* infinity.png in Resources */,
				D01116B720EA56EE00B01E31 /* pay.png in Resources */,
				D0C47DE620CD4C3B0076CA3B /* help2.png in Resources */,
				D0C47DE820CD7D370076CA3B /* backUp.jpg in Resources */,
				D049F14120FB786B0073B807 /* dice4.png in Resources */,
				D0C47DE220CD48A50076CA3B /* tool2.png in Resources */,
				D098731F20D021BE007B8930 /* price.png in Resources */,
				D098731D20D01C3D007B8930 /* lock.jpg in Resources */,
				D0207CA92102425A007A5346 /* greenFingerPrint.png in Resources */,
				D04BAB3420CC79CF00501B6D /* img_311477.png in Resources */,
				D046FD9020F15DDE00D002AB /* save.png in Resources */,
				D05007B220FCF6C400DC2A71 /* whiteInfinity.png in Resources */,
				D00FF6A42083DA1000660D3C /* four.png in Resources */,
				D05E52DF20F7A25100F36D63 /* whiteLock.png in Resources */,
				D05007B620FCF78200DC2A71 /* whitePay.png in Resources */,
				D0C47DE420CD4BAA0076CA3B /* settings2.png in Resources */,
				D00FF6A82083DAC900660D3C /* images-6.png in Resources */,
				D00FF6A32083DA1000660D3C /* five.png in Resources */,
				D01116BB20EAAF3100B01E31 /* bill.png in Resources */,
				D00FF6A12083DA1000660D3C /* one.png in Resources */,
				D05007B420FCF70400DC2A71 /* whiteHistory.png in Resources */,
				D049F13620FA9F680073B807 /* plus.png in Resources */,
			);
			runOnlyForDeploymentPostprocessing = 0;
		};
/* End PBXResourcesBuildPhase section */

/* Begin PBXShellScriptBuildPhase section */
		4738A628959DF2CE8EB5D012 /* [CP] Copy Pods Resources */ = {
			isa = PBXShellScriptBuildPhase;
			buildActionMask = 2147483647;
			files = (
			);
			inputPaths = (
			);
			name = "[CP] Copy Pods Resources";
			outputPaths = (
			);
			runOnlyForDeploymentPostprocessing = 0;
			shellPath = /bin/sh;
			shellScript = "\"${SRCROOT}/Pods/Target Support Files/Pods-BitKeys/Pods-BitKeys-resources.sh\"\n";
			showEnvVarsInLog = 0;
		};
		577AE22B756C8A8F651E5094 /* [CP] Embed Pods Frameworks */ = {
			isa = PBXShellScriptBuildPhase;
			buildActionMask = 2147483647;
			files = (
			);
			inputPaths = (
			);
			name = "[CP] Embed Pods Frameworks";
			outputPaths = (
			);
			runOnlyForDeploymentPostprocessing = 0;
			shellPath = /bin/sh;
			shellScript = "\"${SRCROOT}/Pods/Target Support Files/Pods-BitKeys/Pods-BitKeys-frameworks.sh\"\n";
			showEnvVarsInLog = 0;
		};
		C9DCDB75CDE3B5E7DF54FB68 /* [CP] Check Pods Manifest.lock */ = {
			isa = PBXShellScriptBuildPhase;
			buildActionMask = 2147483647;
			files = (
			);
			inputPaths = (
			);
			name = "[CP] Check Pods Manifest.lock";
			outputPaths = (
			);
			runOnlyForDeploymentPostprocessing = 0;
			shellPath = /bin/sh;
			shellScript = "diff \"${PODS_ROOT}/../Podfile.lock\" \"${PODS_ROOT}/Manifest.lock\" > /dev/null\nif [ $? != 0 ] ; then\n    # print error to STDERR\n    echo \"error: The sandbox is not in sync with the Podfile.lock. Run 'pod install' or update your CocoaPods installation.\" >&2\n    exit 1\nfi\n";
			showEnvVarsInLog = 0;
		};
		D089BFA7207EBE280086243B /* ShellScript */ = {
			isa = PBXShellScriptBuildPhase;
			buildActionMask = 2147483647;
			files = (
			);
			inputPaths = (
				"$(SRCROOT)/Carthage/Build/iOS/BigInt.framework",
				"$(SRCROOT)/Carthage/Build/iOS/SipHash.framework",
				"$(SRCROOT)/Carthage/Build/iOS/AES256CBC.framework",
				"$(SRCROOT)/Carthage/Build/iOS/SwiftKeychainWrapper.framework",
			);
			outputPaths = (
			);
			runOnlyForDeploymentPostprocessing = 0;
			shellPath = /bin/sh;
			shellScript = "/usr/local/bin/carthage copy-frameworks";
		};
/* End PBXShellScriptBuildPhase section */

/* Begin PBXSourcesBuildPhase section */
		D05501162094FE79001C35F0 /* Sources */ = {
			isa = PBXSourcesBuildPhase;
			buildActionMask = 2147483647;
			files = (
				D055011D2094FE79001C35F0 /* BitKeysTests.swift in Sources */,
			);
			runOnlyForDeploymentPostprocessing = 0;
		};
		D0C56F511FCBFBC4004A5F47 /* Sources */ = {
			isa = PBXSourcesBuildPhase;
			buildActionMask = 2147483647;
			files = (
				D0EF966B1FCC07FB004A8E4E /* ObjectiveCHeader.m in Sources */,
				D04BAB2620CB1B3E00501B6D /* SpendMultiSigViewController.swift in Sources */,
				D08FA4AE20D4853500BADC3B /* walletSaver.swift in Sources */,
				D04213E62103C720003B03DA /* CreateInvoiceViewController.swift in Sources */,
				D0B597852013E96E000767A7 /* ViewControllerBalanceChecker.swift in Sources */,
				D0A7342E20E93CC500DB36DD /* RawTransactionViewController.swift in Sources */,
				D05E52E620F7CA5200F36D63 /* diceCreator.swift in Sources */,
				D0AF8D1F20FEBBC6003D2596 /* LogInViewController.swift in Sources */,
				D07CCD1720F1130A001F0191 /* HDChildViewController.swift in Sources */,
				D08FA4B220D4940C00BADC3B /* keyCreatorFromEntropy.swift in Sources */,
				D003821820B24D4400BC310D /* SettingsViewController.swift in Sources */,
				D04BAB2C20CC2F6B00501B6D /* InfoViewController.swift in Sources */,
				D027522020D292B10025EC0E /* AddressBookViewController.swift in Sources */,
				D0C56F5B1FCBFBC4004A5F47 /* ViewController.swift in Sources */,
				D055012720950E9F001C35F0 /* SegwitAddrCoder.swift in Sources */,
				D0F858A0202BD39C00560247 /* TransactionBuilderViewController.swift in Sources */,
				D09A24E520E5258F00DAFDC8 /* TransactionSettingsViewController.swift in Sources */,
				D04A203320E7BDB1009038EE /* CustomPhotoAlbum.swift in Sources */,
				D0C56F611FCBFBC4004A5F47 /* BitKeys.xcdatamodeld in Sources */,
				D055012B2095134C001C35F0 /* Bech32.swift in Sources */,
				D0E8115C20615E23000DBBE8 /* MayerMultipleViewController.swift in Sources */,
				D04F692620F825D200A84E7C /* CreateMultiSigViewController.swift in Sources */,
				D08FA4B420D49A3D00BADC3B /* Utilities.swift in Sources */,
				D057B24420D9D570006661DC /* TransactionHistoryViewController.swift in Sources */,
				D05007BC20FD2F8A00DC2A71 /* saveMultiSig.swift in Sources */,
				D0D1A42320E658AD00B6399F /* SecuritySettingsViewController.swift in Sources */,
				D09603E220FFDA1C00A7D1EE /* BuildTransactionViewController.swift in Sources */,
				D0C56F591FCBFBC4004A5F47 /* AppDelegate.swift in Sources */,
				D04213E421039C48003B03DA /* ImportViewController.swift in Sources */,
			);
			runOnlyForDeploymentPostprocessing = 0;
		};
/* End PBXSourcesBuildPhase section */

/* Begin PBXTargetDependency section */
		D05501202094FE79001C35F0 /* PBXTargetDependency */ = {
			isa = PBXTargetDependency;
			target = D0C56F541FCBFBC4004A5F47 /* BitKeys */;
			targetProxy = D055011F2094FE79001C35F0 /* PBXContainerItemProxy */;
		};
/* End PBXTargetDependency section */

/* Begin PBXVariantGroup section */
		D0C56F5C1FCBFBC4004A5F47 /* Main.storyboard */ = {
			isa = PBXVariantGroup;
			children = (
				D0C56F5D1FCBFBC4004A5F47 /* Base */,
			);
			name = Main.storyboard;
			sourceTree = "<group>";
		};
		D0C56F641FCBFBC4004A5F47 /* LaunchScreen.storyboard */ = {
			isa = PBXVariantGroup;
			children = (
				D0C56F651FCBFBC4004A5F47 /* Base */,
			);
			name = LaunchScreen.storyboard;
			sourceTree = "<group>";
		};
/* End PBXVariantGroup section */

/* Begin XCBuildConfiguration section */
		D05501222094FE79001C35F0 /* Debug */ = {
			isa = XCBuildConfiguration;
			buildSettings = {
				BUNDLE_LOADER = "$(TEST_HOST)";
				CODE_SIGN_STYLE = Automatic;
				DEVELOPMENT_TEAM = S9W9BN93GG;
				INFOPLIST_FILE = BitKeysTests/Info.plist;
				IPHONEOS_DEPLOYMENT_TARGET = 11.1;
				LD_RUNPATH_SEARCH_PATHS = "$(inherited) @executable_path/Frameworks @loader_path/Frameworks";
				PRODUCT_BUNDLE_IDENTIFIER = com.fontaine.BitKeysTests;
				PRODUCT_NAME = "$(TARGET_NAME)";
				SWIFT_VERSION = 4.0;
				TARGETED_DEVICE_FAMILY = "1,2";
				TEST_HOST = "$(BUILT_PRODUCTS_DIR)/BitKeys.app/BitKeys";
			};
			name = Debug;
		};
		D05501232094FE79001C35F0 /* Release */ = {
			isa = XCBuildConfiguration;
			buildSettings = {
				BUNDLE_LOADER = "$(TEST_HOST)";
				CODE_SIGN_STYLE = Automatic;
				DEVELOPMENT_TEAM = S9W9BN93GG;
				INFOPLIST_FILE = BitKeysTests/Info.plist;
				IPHONEOS_DEPLOYMENT_TARGET = 11.1;
				LD_RUNPATH_SEARCH_PATHS = "$(inherited) @executable_path/Frameworks @loader_path/Frameworks";
				PRODUCT_BUNDLE_IDENTIFIER = com.fontaine.BitKeysTests;
				PRODUCT_NAME = "$(TARGET_NAME)";
				SWIFT_VERSION = 4.0;
				TARGETED_DEVICE_FAMILY = "1,2";
				TEST_HOST = "$(BUILT_PRODUCTS_DIR)/BitKeys.app/BitKeys";
			};
			name = Release;
		};
		D0C56F681FCBFBC4004A5F47 /* Debug */ = {
			isa = XCBuildConfiguration;
			buildSettings = {
				ALWAYS_SEARCH_USER_PATHS = NO;
				CLANG_ANALYZER_NONNULL = YES;
				CLANG_ANALYZER_NUMBER_OBJECT_CONVERSION = YES_AGGRESSIVE;
				CLANG_CXX_LANGUAGE_STANDARD = "gnu++14";
				CLANG_CXX_LIBRARY = "libc++";
				CLANG_ENABLE_MODULES = YES;
				CLANG_ENABLE_OBJC_ARC = YES;
				CLANG_WARN_BLOCK_CAPTURE_AUTORELEASING = YES;
				CLANG_WARN_BOOL_CONVERSION = YES;
				CLANG_WARN_COMMA = YES;
				CLANG_WARN_CONSTANT_CONVERSION = YES;
				CLANG_WARN_DIRECT_OBJC_ISA_USAGE = YES_ERROR;
				CLANG_WARN_DOCUMENTATION_COMMENTS = YES;
				CLANG_WARN_EMPTY_BODY = YES;
				CLANG_WARN_ENUM_CONVERSION = YES;
				CLANG_WARN_INFINITE_RECURSION = YES;
				CLANG_WARN_INT_CONVERSION = YES;
				CLANG_WARN_NON_LITERAL_NULL_CONVERSION = YES;
				CLANG_WARN_OBJC_LITERAL_CONVERSION = YES;
				CLANG_WARN_OBJC_ROOT_CLASS = YES_ERROR;
				CLANG_WARN_RANGE_LOOP_ANALYSIS = YES;
				CLANG_WARN_STRICT_PROTOTYPES = YES;
				CLANG_WARN_SUSPICIOUS_MOVE = YES;
				CLANG_WARN_UNGUARDED_AVAILABILITY = YES_AGGRESSIVE;
				CLANG_WARN_UNREACHABLE_CODE = YES;
				CLANG_WARN__DUPLICATE_METHOD_MATCH = YES;
				CODE_SIGN_IDENTITY = "iPhone Developer";
				COPY_PHASE_STRIP = NO;
				DEBUG_INFORMATION_FORMAT = dwarf;
				ENABLE_BITCODE = NO;
				ENABLE_STRICT_OBJC_MSGSEND = YES;
				ENABLE_TESTABILITY = YES;
				GCC_C_LANGUAGE_STANDARD = gnu11;
				GCC_DYNAMIC_NO_PIC = NO;
				GCC_NO_COMMON_BLOCKS = YES;
				GCC_OPTIMIZATION_LEVEL = 0;
				GCC_PREPROCESSOR_DEFINITIONS = (
					"DEBUG=1",
					"$(inherited)",
				);
				GCC_WARN_64_TO_32_BIT_CONVERSION = YES;
				GCC_WARN_ABOUT_RETURN_TYPE = YES_ERROR;
				GCC_WARN_UNDECLARED_SELECTOR = YES;
				GCC_WARN_UNINITIALIZED_AUTOS = YES_AGGRESSIVE;
				GCC_WARN_UNUSED_FUNCTION = YES;
				GCC_WARN_UNUSED_VARIABLE = YES;
				IPHONEOS_DEPLOYMENT_TARGET = 10.0;
				MTL_ENABLE_DEBUG_INFO = YES;
				ONLY_ACTIVE_ARCH = YES;
				SDKROOT = iphoneos;
				SWIFT_ACTIVE_COMPILATION_CONDITIONS = DEBUG;
				SWIFT_OPTIMIZATION_LEVEL = "-Onone";
			};
			name = Debug;
		};
		D0C56F691FCBFBC4004A5F47 /* Release */ = {
			isa = XCBuildConfiguration;
			buildSettings = {
				ALWAYS_SEARCH_USER_PATHS = NO;
				CLANG_ANALYZER_NONNULL = YES;
				CLANG_ANALYZER_NUMBER_OBJECT_CONVERSION = YES_AGGRESSIVE;
				CLANG_CXX_LANGUAGE_STANDARD = "gnu++14";
				CLANG_CXX_LIBRARY = "libc++";
				CLANG_ENABLE_MODULES = YES;
				CLANG_ENABLE_OBJC_ARC = YES;
				CLANG_WARN_BLOCK_CAPTURE_AUTORELEASING = YES;
				CLANG_WARN_BOOL_CONVERSION = YES;
				CLANG_WARN_COMMA = YES;
				CLANG_WARN_CONSTANT_CONVERSION = YES;
				CLANG_WARN_DIRECT_OBJC_ISA_USAGE = YES_ERROR;
				CLANG_WARN_DOCUMENTATION_COMMENTS = YES;
				CLANG_WARN_EMPTY_BODY = YES;
				CLANG_WARN_ENUM_CONVERSION = YES;
				CLANG_WARN_INFINITE_RECURSION = YES;
				CLANG_WARN_INT_CONVERSION = YES;
				CLANG_WARN_NON_LITERAL_NULL_CONVERSION = YES;
				CLANG_WARN_OBJC_LITERAL_CONVERSION = YES;
				CLANG_WARN_OBJC_ROOT_CLASS = YES_ERROR;
				CLANG_WARN_RANGE_LOOP_ANALYSIS = YES;
				CLANG_WARN_STRICT_PROTOTYPES = YES;
				CLANG_WARN_SUSPICIOUS_MOVE = YES;
				CLANG_WARN_UNGUARDED_AVAILABILITY = YES_AGGRESSIVE;
				CLANG_WARN_UNREACHABLE_CODE = YES;
				CLANG_WARN__DUPLICATE_METHOD_MATCH = YES;
				CODE_SIGN_IDENTITY = "iPhone Developer";
				COPY_PHASE_STRIP = NO;
				DEBUG_INFORMATION_FORMAT = "dwarf-with-dsym";
				ENABLE_BITCODE = NO;
				ENABLE_NS_ASSERTIONS = NO;
				ENABLE_STRICT_OBJC_MSGSEND = YES;
				GCC_C_LANGUAGE_STANDARD = gnu11;
				GCC_NO_COMMON_BLOCKS = YES;
				GCC_WARN_64_TO_32_BIT_CONVERSION = YES;
				GCC_WARN_ABOUT_RETURN_TYPE = YES_ERROR;
				GCC_WARN_UNDECLARED_SELECTOR = YES;
				GCC_WARN_UNINITIALIZED_AUTOS = YES_AGGRESSIVE;
				GCC_WARN_UNUSED_FUNCTION = YES;
				GCC_WARN_UNUSED_VARIABLE = YES;
				IPHONEOS_DEPLOYMENT_TARGET = 10.0;
				MTL_ENABLE_DEBUG_INFO = NO;
				SDKROOT = iphoneos;
				SWIFT_OPTIMIZATION_LEVEL = "-Owholemodule";
				VALIDATE_PRODUCT = YES;
			};
			name = Release;
		};
		D0C56F6B1FCBFBC4004A5F47 /* Debug */ = {
			isa = XCBuildConfiguration;
			baseConfigurationReference = C6342F80D31874B6ABC8D895 /* Pods-BitKeys.debug.xcconfig */;
			buildSettings = {
				ASSETCATALOG_COMPILER_APPICON_NAME = AppIcon;
				CLANG_ENABLE_MODULES = YES;
				CODE_SIGN_IDENTITY = "iPhone Developer";
				"CODE_SIGN_IDENTITY[sdk=iphoneos*]" = "iPhone Developer";
				CODE_SIGN_STYLE = Automatic;
				DEVELOPMENT_TEAM = 69FR345CDA;
				ENABLE_BITCODE = NO;
				FRAMEWORK_SEARCH_PATHS = (
					"$(inherited)",
					"$(PROJECT_DIR)/Carthage/Build/iOS",
					"$(PROJECT_DIR)/BitKeys",
					"$(PROJECT_DIR)",
				);
				INFOPLIST_FILE = BitKeys/Info.plist;
				LD_RUNPATH_SEARCH_PATHS = "$(inherited) @executable_path/Frameworks";
				PRODUCT_BUNDLE_IDENTIFIER = com.fontaine.BitKeys1;
				PRODUCT_NAME = "$(TARGET_NAME)";
				PROVISIONING_PROFILE = "";
				PROVISIONING_PROFILE_SPECIFIER = "";
				SWIFT_OBJC_BRIDGING_HEADER = "BitKeys/BitKeys-Bridging-Header.h";
				SWIFT_OPTIMIZATION_LEVEL = "-Onone";
				SWIFT_VERSION = 4.0;
				TARGETED_DEVICE_FAMILY = "1,2";
			};
			name = Debug;
		};
		D0C56F6C1FCBFBC4004A5F47 /* Release */ = {
			isa = XCBuildConfiguration;
			baseConfigurationReference = 89CBD468A5EF7493E5F477B6 /* Pods-BitKeys.release.xcconfig */;
			buildSettings = {
				ASSETCATALOG_COMPILER_APPICON_NAME = AppIcon;
				CLANG_ENABLE_MODULES = YES;
				CODE_SIGN_IDENTITY = "iPhone Developer";
				"CODE_SIGN_IDENTITY[sdk=iphoneos*]" = "iPhone Developer";
				CODE_SIGN_STYLE = Automatic;
				DEVELOPMENT_TEAM = 69FR345CDA;
				ENABLE_BITCODE = NO;
				FRAMEWORK_SEARCH_PATHS = (
					"$(inherited)",
					"$(PROJECT_DIR)/Carthage/Build/iOS",
					"$(PROJECT_DIR)/BitKeys",
					"$(PROJECT_DIR)",
				);
				INFOPLIST_FILE = BitKeys/Info.plist;
				LD_RUNPATH_SEARCH_PATHS = "$(inherited) @executable_path/Frameworks";
				PRODUCT_BUNDLE_IDENTIFIER = com.fontaine.BitKeys1;
				PRODUCT_NAME = "$(TARGET_NAME)";
				PROVISIONING_PROFILE = "";
				PROVISIONING_PROFILE_SPECIFIER = "";
				SWIFT_OBJC_BRIDGING_HEADER = "BitKeys/BitKeys-Bridging-Header.h";
				SWIFT_VERSION = 4.0;
				TARGETED_DEVICE_FAMILY = "1,2";
			};
			name = Release;
		};
/* End XCBuildConfiguration section */

/* Begin XCConfigurationList section */
		D05501212094FE79001C35F0 /* Build configuration list for PBXNativeTarget "BitKeysTests" */ = {
			isa = XCConfigurationList;
			buildConfigurations = (
				D05501222094FE79001C35F0 /* Debug */,
				D05501232094FE79001C35F0 /* Release */,
			);
			defaultConfigurationIsVisible = 0;
			defaultConfigurationName = Release;
		};
		D0C56F501FCBFBC4004A5F47 /* Build configuration list for PBXProject "BitKeys" */ = {
			isa = XCConfigurationList;
			buildConfigurations = (
				D0C56F681FCBFBC4004A5F47 /* Debug */,
				D0C56F691FCBFBC4004A5F47 /* Release */,
			);
			defaultConfigurationIsVisible = 0;
			defaultConfigurationName = Release;
		};
		D0C56F6A1FCBFBC4004A5F47 /* Build configuration list for PBXNativeTarget "BitKeys" */ = {
			isa = XCConfigurationList;
			buildConfigurations = (
				D0C56F6B1FCBFBC4004A5F47 /* Debug */,
				D0C56F6C1FCBFBC4004A5F47 /* Release */,
			);
			defaultConfigurationIsVisible = 0;
			defaultConfigurationName = Release;
		};
/* End XCConfigurationList section */

/* Begin XCVersionGroup section */
		D0C56F5F1FCBFBC4004A5F47 /* BitKeys.xcdatamodeld */ = {
			isa = XCVersionGroup;
			children = (
				D0C56F601FCBFBC4004A5F47 /* BitKeys.xcdatamodel */,
			);
			currentVersion = D0C56F601FCBFBC4004A5F47 /* BitKeys.xcdatamodel */;
			path = BitKeys.xcdatamodeld;
			sourceTree = "<group>";
			versionGroupType = wrapper.xcdatamodel;
		};
/* End XCVersionGroup section */
	};
	rootObject = D0C56F4D1FCBFBC4004A5F47 /* Project object */;
}
